// !$*UTF8*$!
{
	archiveVersion = 1;
	classes = {
	};
	objectVersion = 55;
	objects = {

/* Begin PBXBuildFile section */
		513CDB7628BB4C600009ABDC /* ViewControllerTopSelect.swift in Sources */ = {isa = PBXBuildFile; fileRef = 513CDB7528BB4C600009ABDC /* ViewControllerTopSelect.swift */; };
		513CDB7C28BB4D400009ABDC /* ViewControllerResult.swift in Sources */ = {isa = PBXBuildFile; fileRef = 513CDB7B28BB4D400009ABDC /* ViewControllerResult.swift */; };
		514807BB286EC3C300D5005D /* AppDelegate.swift in Sources */ = {isa = PBXBuildFile; fileRef = 514807BA286EC3C300D5005D /* AppDelegate.swift */; };
		514807BD286EC3C300D5005D /* SceneDelegate.swift in Sources */ = {isa = PBXBuildFile; fileRef = 514807BC286EC3C300D5005D /* SceneDelegate.swift */; };
		514807BF286EC3C300D5005D /* ViewController.swift in Sources */ = {isa = PBXBuildFile; fileRef = 514807BE286EC3C300D5005D /* ViewController.swift */; };
		514807C2286EC3C300D5005D /* Main.storyboard in Resources */ = {isa = PBXBuildFile; fileRef = 514807C0286EC3C300D5005D /* Main.storyboard */; };
		514807C4286EC3C400D5005D /* Assets.xcassets in Resources */ = {isa = PBXBuildFile; fileRef = 514807C3286EC3C400D5005D /* Assets.xcassets */; };
		514807C7286EC3C400D5005D /* LaunchScreen.storyboard in Resources */ = {isa = PBXBuildFile; fileRef = 514807C5286EC3C400D5005D /* LaunchScreen.storyboard */; };
		514807D2286EC3C400D5005D /* FlaskPracticeTests.swift in Sources */ = {isa = PBXBuildFile; fileRef = 514807D1286EC3C400D5005D /* FlaskPracticeTests.swift */; };
		514807DC286EC3C400D5005D /* FlaskPracticeUITests.swift in Sources */ = {isa = PBXBuildFile; fileRef = 514807DB286EC3C400D5005D /* FlaskPracticeUITests.swift */; };
		514807DE286EC3C400D5005D /* FlaskPracticeUITestsLaunchTests.swift in Sources */ = {isa = PBXBuildFile; fileRef = 514807DD286EC3C400D5005D /* FlaskPracticeUITestsLaunchTests.swift */; };
		514FF90B2881712F0032D5D5 /* b3.png in Resources */ = {isa = PBXBuildFile; fileRef = 514FF9022881712E0032D5D5 /* b3.png */; };
		514FF90C2881712F0032D5D5 /* t1.png in Resources */ = {isa = PBXBuildFile; fileRef = 514FF9032881712E0032D5D5 /* t1.png */; };
		514FF90D2881712F0032D5D5 /* t2.png in Resources */ = {isa = PBXBuildFile; fileRef = 514FF9042881712E0032D5D5 /* t2.png */; };
		514FF90E2881712F0032D5D5 /* s1.png in Resources */ = {isa = PBXBuildFile; fileRef = 514FF9052881712F0032D5D5 /* s1.png */; };
		514FF90F2881712F0032D5D5 /* s3.png in Resources */ = {isa = PBXBuildFile; fileRef = 514FF9062881712F0032D5D5 /* s3.png */; };
		514FF9102881712F0032D5D5 /* s2.png in Resources */ = {isa = PBXBuildFile; fileRef = 514FF9072881712F0032D5D5 /* s2.png */; };
		514FF9112881712F0032D5D5 /* b2.png in Resources */ = {isa = PBXBuildFile; fileRef = 514FF9082881712F0032D5D5 /* b2.png */; };
		514FF9122881712F0032D5D5 /* b1.png in Resources */ = {isa = PBXBuildFile; fileRef = 514FF9092881712F0032D5D5 /* b1.png */; };
		514FF9132881712F0032D5D5 /* t3.png in Resources */ = {isa = PBXBuildFile; fileRef = 514FF90A2881712F0032D5D5 /* t3.png */; };
		51AD36E428CF5178004BE208 /* background.png in Resources */ = {isa = PBXBuildFile; fileRef = 51AD36E328CF5178004BE208 /* background.png */; };
		51AD36EA28CF563A004BE208 /* backgroundDeco.png in Resources */ = {isa = PBXBuildFile; fileRef = 51AD36E928CF563A004BE208 /* backgroundDeco.png */; };
		6E9339431DF0F503323DF6FB /* Pods_FlaskPractice_FlaskPracticeUITests.framework in Frameworks */ = {isa = PBXBuildFile; fileRef = A7C4D2F14B129CDABD4AAADE /* Pods_FlaskPractice_FlaskPracticeUITests.framework */; };
		7D94558EF659DADFBAF59BF1 /* Pods_FlaskPracticeTests.framework in Frameworks */ = {isa = PBXBuildFile; fileRef = 29C9831C7334E0A725306DBC /* Pods_FlaskPracticeTests.framework */; };
		D56362E5B55D9F75CF9DCD29 /* Pods_FlaskPractice.framework in Frameworks */ = {isa = PBXBuildFile; fileRef = 02DF08D60B8633B7F5A58DC3 /* Pods_FlaskPractice.framework */; };
/* End PBXBuildFile section */

/* Begin PBXContainerItemProxy section */
		514807CE286EC3C400D5005D /* PBXContainerItemProxy */ = {
			isa = PBXContainerItemProxy;
			containerPortal = 514807AF286EC3C300D5005D /* Project object */;
			proxyType = 1;
			remoteGlobalIDString = 514807B6286EC3C300D5005D;
			remoteInfo = FlaskPractice;
		};
		514807D8286EC3C400D5005D /* PBXContainerItemProxy */ = {
			isa = PBXContainerItemProxy;
			containerPortal = 514807AF286EC3C300D5005D /* Project object */;
			proxyType = 1;
			remoteGlobalIDString = 514807B6286EC3C300D5005D;
			remoteInfo = FlaskPractice;
		};
/* End PBXContainerItemProxy section */

/* Begin PBXFileReference section */
		02DF08D60B8633B7F5A58DC3 /* Pods_FlaskPractice.framework */ = {isa = PBXFileReference; explicitFileType = wrapper.framework; includeInIndex = 0; path = Pods_FlaskPractice.framework; sourceTree = BUILT_PRODUCTS_DIR; };
		13C6CC0E8C59C64D113E77E8 /* Pods-FlaskPracticeTests.release.xcconfig */ = {isa = PBXFileReference; includeInIndex = 1; lastKnownFileType = text.xcconfig; name = "Pods-FlaskPracticeTests.release.xcconfig"; path = "Target Support Files/Pods-FlaskPracticeTests/Pods-FlaskPracticeTests.release.xcconfig"; sourceTree = "<group>"; };
		29C9831C7334E0A725306DBC /* Pods_FlaskPracticeTests.framework */ = {isa = PBXFileReference; explicitFileType = wrapper.framework; includeInIndex = 0; path = Pods_FlaskPracticeTests.framework; sourceTree = BUILT_PRODUCTS_DIR; };
		3359FBF778A82E76C756C23B /* Pods-FlaskPractice.release.xcconfig */ = {isa = PBXFileReference; includeInIndex = 1; lastKnownFileType = text.xcconfig; name = "Pods-FlaskPractice.release.xcconfig"; path = "Target Support Files/Pods-FlaskPractice/Pods-FlaskPractice.release.xcconfig"; sourceTree = "<group>"; };
		3A962CEC97234DB751AB6720 /* Pods-FlaskPractice-FlaskPracticeUITests.release.xcconfig */ = {isa = PBXFileReference; includeInIndex = 1; lastKnownFileType = text.xcconfig; name = "Pods-FlaskPractice-FlaskPracticeUITests.release.xcconfig"; path = "Target Support Files/Pods-FlaskPractice-FlaskPracticeUITests/Pods-FlaskPractice-FlaskPracticeUITests.release.xcconfig"; sourceTree = "<group>"; };
		3E727F90A982CF7983036EDD /* Pods-FlaskPractice.debug.xcconfig */ = {isa = PBXFileReference; includeInIndex = 1; lastKnownFileType = text.xcconfig; name = "Pods-FlaskPractice.debug.xcconfig"; path = "Target Support Files/Pods-FlaskPractice/Pods-FlaskPractice.debug.xcconfig"; sourceTree = "<group>"; };
		513CDB7528BB4C600009ABDC /* ViewControllerTopSelect.swift */ = {isa = PBXFileReference; lastKnownFileType = sourcecode.swift; path = ViewControllerTopSelect.swift; sourceTree = "<group>"; };
		513CDB7B28BB4D400009ABDC /* ViewControllerResult.swift */ = {isa = PBXFileReference; lastKnownFileType = sourcecode.swift; path = ViewControllerResult.swift; sourceTree = "<group>"; };
		514807B7286EC3C300D5005D /* FlaskPractice.app */ = {isa = PBXFileReference; explicitFileType = wrapper.application; includeInIndex = 0; path = FlaskPractice.app; sourceTree = BUILT_PRODUCTS_DIR; };
		514807BA286EC3C300D5005D /* AppDelegate.swift */ = {isa = PBXFileReference; lastKnownFileType = sourcecode.swift; path = AppDelegate.swift; sourceTree = "<group>"; };
		514807BC286EC3C300D5005D /* SceneDelegate.swift */ = {isa = PBXFileReference; lastKnownFileType = sourcecode.swift; path = SceneDelegate.swift; sourceTree = "<group>"; };
		514807BE286EC3C300D5005D /* ViewController.swift */ = {isa = PBXFileReference; lastKnownFileType = sourcecode.swift; path = ViewController.swift; sourceTree = "<group>"; };
		514807C1286EC3C300D5005D /* Base */ = {isa = PBXFileReference; lastKnownFileType = file.storyboard; name = Base; path = Base.lproj/Main.storyboard; sourceTree = "<group>"; };
		514807C3286EC3C400D5005D /* Assets.xcassets */ = {isa = PBXFileReference; lastKnownFileType = folder.assetcatalog; path = Assets.xcassets; sourceTree = "<group>"; };
		514807C6286EC3C400D5005D /* Base */ = {isa = PBXFileReference; lastKnownFileType = file.storyboard; name = Base; path = Base.lproj/LaunchScreen.storyboard; sourceTree = "<group>"; };
		514807C8286EC3C400D5005D /* Info.plist */ = {isa = PBXFileReference; lastKnownFileType = text.plist.xml; path = Info.plist; sourceTree = "<group>"; };
		514807CD286EC3C400D5005D /* FlaskPracticeTests.xctest */ = {isa = PBXFileReference; explicitFileType = wrapper.cfbundle; includeInIndex = 0; path = FlaskPracticeTests.xctest; sourceTree = BUILT_PRODUCTS_DIR; };
		514807D1286EC3C400D5005D /* FlaskPracticeTests.swift */ = {isa = PBXFileReference; lastKnownFileType = sourcecode.swift; path = FlaskPracticeTests.swift; sourceTree = "<group>"; };
		514807D7286EC3C400D5005D /* FlaskPracticeUITests.xctest */ = {isa = PBXFileReference; explicitFileType = wrapper.cfbundle; includeInIndex = 0; path = FlaskPracticeUITests.xctest; sourceTree = BUILT_PRODUCTS_DIR; };
		514807DB286EC3C400D5005D /* FlaskPracticeUITests.swift */ = {isa = PBXFileReference; lastKnownFileType = sourcecode.swift; path = FlaskPracticeUITests.swift; sourceTree = "<group>"; };
		514807DD286EC3C400D5005D /* FlaskPracticeUITestsLaunchTests.swift */ = {isa = PBXFileReference; lastKnownFileType = sourcecode.swift; path = FlaskPracticeUITestsLaunchTests.swift; sourceTree = "<group>"; };
		514FF9022881712E0032D5D5 /* b3.png */ = {isa = PBXFileReference; lastKnownFileType = image.png; path = b3.png; sourceTree = "<group>"; };
		514FF9032881712E0032D5D5 /* t1.png */ = {isa = PBXFileReference; lastKnownFileType = image.png; path = t1.png; sourceTree = "<group>"; };
		514FF9042881712E0032D5D5 /* t2.png */ = {isa = PBXFileReference; lastKnownFileType = image.png; path = t2.png; sourceTree = "<group>"; };
		514FF9052881712F0032D5D5 /* s1.png */ = {isa = PBXFileReference; lastKnownFileType = image.png; path = s1.png; sourceTree = "<group>"; };
		514FF9062881712F0032D5D5 /* s3.png */ = {isa = PBXFileReference; lastKnownFileType = image.png; path = s3.png; sourceTree = "<group>"; };
		514FF9072881712F0032D5D5 /* s2.png */ = {isa = PBXFileReference; lastKnownFileType = image.png; path = s2.png; sourceTree = "<group>"; };
		514FF9082881712F0032D5D5 /* b2.png */ = {isa = PBXFileReference; lastKnownFileType = image.png; path = b2.png; sourceTree = "<group>"; };
		514FF9092881712F0032D5D5 /* b1.png */ = {isa = PBXFileReference; lastKnownFileType = image.png; path = b1.png; sourceTree = "<group>"; };
		514FF90A2881712F0032D5D5 /* t3.png */ = {isa = PBXFileReference; lastKnownFileType = image.png; path = t3.png; sourceTree = "<group>"; };
		51AD36E328CF5178004BE208 /* background.png */ = {isa = PBXFileReference; lastKnownFileType = image.png; path = background.png; sourceTree = "<group>"; };
		51AD36E928CF563A004BE208 /* backgroundDeco.png */ = {isa = PBXFileReference; lastKnownFileType = image.png; path = backgroundDeco.png; sourceTree = "<group>"; };
		5D8707AC3695F3A3E0885DE1 /* Pods-FlaskPracticeTests.debug.xcconfig */ = {isa = PBXFileReference; includeInIndex = 1; lastKnownFileType = text.xcconfig; name = "Pods-FlaskPracticeTests.debug.xcconfig"; path = "Target Support Files/Pods-FlaskPracticeTests/Pods-FlaskPracticeTests.debug.xcconfig"; sourceTree = "<group>"; };
		A7C4D2F14B129CDABD4AAADE /* Pods_FlaskPractice_FlaskPracticeUITests.framework */ = {isa = PBXFileReference; explicitFileType = wrapper.framework; includeInIndex = 0; path = Pods_FlaskPractice_FlaskPracticeUITests.framework; sourceTree = BUILT_PRODUCTS_DIR; };
		EB505B506EFF7186506D215C /* Pods-FlaskPractice-FlaskPracticeUITests.debug.xcconfig */ = {isa = PBXFileReference; includeInIndex = 1; lastKnownFileType = text.xcconfig; name = "Pods-FlaskPractice-FlaskPracticeUITests.debug.xcconfig"; path = "Target Support Files/Pods-FlaskPractice-FlaskPracticeUITests/Pods-FlaskPractice-FlaskPracticeUITests.debug.xcconfig"; sourceTree = "<group>"; };
/* End PBXFileReference section */

/* Begin PBXFrameworksBuildPhase section */
		514807B4286EC3C300D5005D /* Frameworks */ = {
			isa = PBXFrameworksBuildPhase;
			buildActionMask = 2147483647;
			files = (
				D56362E5B55D9F75CF9DCD29 /* Pods_FlaskPractice.framework in Frameworks */,
			);
			runOnlyForDeploymentPostprocessing = 0;
		};
		514807CA286EC3C400D5005D /* Frameworks */ = {
			isa = PBXFrameworksBuildPhase;
			buildActionMask = 2147483647;
			files = (
				7D94558EF659DADFBAF59BF1 /* Pods_FlaskPracticeTests.framework in Frameworks */,
			);
			runOnlyForDeploymentPostprocessing = 0;
		};
		514807D4286EC3C400D5005D /* Frameworks */ = {
			isa = PBXFrameworksBuildPhase;
			buildActionMask = 2147483647;
			files = (
				6E9339431DF0F503323DF6FB /* Pods_FlaskPractice_FlaskPracticeUITests.framework in Frameworks */,
			);
			runOnlyForDeploymentPostprocessing = 0;
		};
/* End PBXFrameworksBuildPhase section */

/* Begin PBXGroup section */
		44A5743166143BB404820E6B /* Frameworks */ = {
			isa = PBXGroup;
			children = (
				02DF08D60B8633B7F5A58DC3 /* Pods_FlaskPractice.framework */,
				A7C4D2F14B129CDABD4AAADE /* Pods_FlaskPractice_FlaskPracticeUITests.framework */,
				29C9831C7334E0A725306DBC /* Pods_FlaskPracticeTests.framework */,
			);
			name = Frameworks;
			sourceTree = "<group>";
		};
		4B6912FC31BE0B35E6D914DC /* Pods */ = {
			isa = PBXGroup;
			children = (
				3E727F90A982CF7983036EDD /* Pods-FlaskPractice.debug.xcconfig */,
				3359FBF778A82E76C756C23B /* Pods-FlaskPractice.release.xcconfig */,
				EB505B506EFF7186506D215C /* Pods-FlaskPractice-FlaskPracticeUITests.debug.xcconfig */,
				3A962CEC97234DB751AB6720 /* Pods-FlaskPractice-FlaskPracticeUITests.release.xcconfig */,
				5D8707AC3695F3A3E0885DE1 /* Pods-FlaskPracticeTests.debug.xcconfig */,
				13C6CC0E8C59C64D113E77E8 /* Pods-FlaskPracticeTests.release.xcconfig */,
			);
			path = Pods;
			sourceTree = "<group>";
		};
		514807AE286EC3C300D5005D = {
			isa = PBXGroup;
			children = (
				514807B9286EC3C300D5005D /* FlaskPractice */,
				514807D0286EC3C400D5005D /* FlaskPracticeTests */,
				514807DA286EC3C400D5005D /* FlaskPracticeUITests */,
				514807B8286EC3C300D5005D /* Products */,
				4B6912FC31BE0B35E6D914DC /* Pods */,
				44A5743166143BB404820E6B /* Frameworks */,
			);
			sourceTree = "<group>";
		};
		514807B8286EC3C300D5005D /* Products */ = {
			isa = PBXGroup;
			children = (
				514807B7286EC3C300D5005D /* FlaskPractice.app */,
				514807CD286EC3C400D5005D /* FlaskPracticeTests.xctest */,
				514807D7286EC3C400D5005D /* FlaskPracticeUITests.xctest */,
			);
			name = Products;
			sourceTree = "<group>";
		};
		514807B9286EC3C300D5005D /* FlaskPractice */ = {
			isa = PBXGroup;
			children = (
				514FF901288171130032D5D5 /* Image */,
				514807BA286EC3C300D5005D /* AppDelegate.swift */,
				514807BC286EC3C300D5005D /* SceneDelegate.swift */,
				514807BE286EC3C300D5005D /* ViewController.swift */,
				513CDB7528BB4C600009ABDC /* ViewControllerTopSelect.swift */,
				513CDB7B28BB4D400009ABDC /* ViewControllerResult.swift */,
				514807C0286EC3C300D5005D /* Main.storyboard */,
				514807C3286EC3C400D5005D /* Assets.xcassets */,
				514807C5286EC3C400D5005D /* LaunchScreen.storyboard */,
				514807C8286EC3C400D5005D /* Info.plist */,
			);
			path = FlaskPractice;
			sourceTree = "<group>";
		};
		514807D0286EC3C400D5005D /* FlaskPracticeTests */ = {
			isa = PBXGroup;
			children = (
				514807D1286EC3C400D5005D /* FlaskPracticeTests.swift */,
			);
			path = FlaskPracticeTests;
			sourceTree = "<group>";
		};
		514807DA286EC3C400D5005D /* FlaskPracticeUITests */ = {
			isa = PBXGroup;
			children = (
				514807DB286EC3C400D5005D /* FlaskPracticeUITests.swift */,
				514807DD286EC3C400D5005D /* FlaskPracticeUITestsLaunchTests.swift */,
			);
			path = FlaskPracticeUITests;
			sourceTree = "<group>";
		};
		514FF901288171130032D5D5 /* Image */ = {
			isa = PBXGroup;
			children = (
				51AD36E328CF5178004BE208 /* background.png */,
				51AD36E928CF563A004BE208 /* backgroundDeco.png */,
				514FF9092881712F0032D5D5 /* b1.png */,
				514FF9082881712F0032D5D5 /* b2.png */,
				514FF9022881712E0032D5D5 /* b3.png */,
				514FF9052881712F0032D5D5 /* s1.png */,
				514FF9072881712F0032D5D5 /* s2.png */,
				514FF9062881712F0032D5D5 /* s3.png */,
				514FF9032881712E0032D5D5 /* t1.png */,
				514FF9042881712E0032D5D5 /* t2.png */,
				514FF90A2881712F0032D5D5 /* t3.png */,
			);
			path = Image;
			sourceTree = "<group>";
		};
/* End PBXGroup section */

/* Begin PBXNativeTarget section */
		514807B6286EC3C300D5005D /* FlaskPractice */ = {
			isa = PBXNativeTarget;
			buildConfigurationList = 514807E1286EC3C400D5005D /* Build configuration list for PBXNativeTarget "FlaskPractice" */;
			buildPhases = (
				866C7711762FEBA5CE2397EE /* [CP] Check Pods Manifest.lock */,
				514807B3286EC3C300D5005D /* Sources */,
				514807B4286EC3C300D5005D /* Frameworks */,
				514807B5286EC3C300D5005D /* Resources */,
				029F20914BD8268B2C0BD813 /* [CP] Embed Pods Frameworks */,
			);
			buildRules = (
			);
			dependencies = (
			);
			name = FlaskPractice;
			productName = FlaskPractice;
			productReference = 514807B7286EC3C300D5005D /* FlaskPractice.app */;
			productType = "com.apple.product-type.application";
		};
		514807CC286EC3C400D5005D /* FlaskPracticeTests */ = {
			isa = PBXNativeTarget;
			buildConfigurationList = 514807E4286EC3C400D5005D /* Build configuration list for PBXNativeTarget "FlaskPracticeTests" */;
			buildPhases = (
				76808B30C496F5D5808927CA /* [CP] Check Pods Manifest.lock */,
				514807C9286EC3C400D5005D /* Sources */,
				514807CA286EC3C400D5005D /* Frameworks */,
				514807CB286EC3C400D5005D /* Resources */,
			);
			buildRules = (
			);
			dependencies = (
				514807CF286EC3C400D5005D /* PBXTargetDependency */,
			);
			name = FlaskPracticeTests;
			productName = FlaskPracticeTests;
			productReference = 514807CD286EC3C400D5005D /* FlaskPracticeTests.xctest */;
			productType = "com.apple.product-type.bundle.unit-test";
		};
		514807D6286EC3C400D5005D /* FlaskPracticeUITests */ = {
			isa = PBXNativeTarget;
			buildConfigurationList = 514807E7286EC3C400D5005D /* Build configuration list for PBXNativeTarget "FlaskPracticeUITests" */;
			buildPhases = (
				33FF30E0A1734640AD1C4F08 /* [CP] Check Pods Manifest.lock */,
				514807D3286EC3C400D5005D /* Sources */,
				514807D4286EC3C400D5005D /* Frameworks */,
				514807D5286EC3C400D5005D /* Resources */,
				9F53ED0C1CE28533D83A89A0 /* [CP] Embed Pods Frameworks */,
			);
			buildRules = (
			);
			dependencies = (
				514807D9286EC3C400D5005D /* PBXTargetDependency */,
			);
			name = FlaskPracticeUITests;
			productName = FlaskPracticeUITests;
			productReference = 514807D7286EC3C400D5005D /* FlaskPracticeUITests.xctest */;
			productType = "com.apple.product-type.bundle.ui-testing";
		};
/* End PBXNativeTarget section */

/* Begin PBXProject section */
		514807AF286EC3C300D5005D /* Project object */ = {
			isa = PBXProject;
			attributes = {
				BuildIndependentTargetsInParallel = 1;
				LastSwiftUpdateCheck = 1340;
				LastUpgradeCheck = 1340;
				TargetAttributes = {
					514807B6286EC3C300D5005D = {
						CreatedOnToolsVersion = 13.4.1;
					};
					514807CC286EC3C400D5005D = {
						CreatedOnToolsVersion = 13.4.1;
						TestTargetID = 514807B6286EC3C300D5005D;
					};
					514807D6286EC3C400D5005D = {
						CreatedOnToolsVersion = 13.4.1;
						TestTargetID = 514807B6286EC3C300D5005D;
					};
				};
			};
			buildConfigurationList = 514807B2286EC3C300D5005D /* Build configuration list for PBXProject "FlaskPractice" */;
			compatibilityVersion = "Xcode 13.0";
			developmentRegion = en;
			hasScannedForEncodings = 0;
			knownRegions = (
				en,
				Base,
			);
			mainGroup = 514807AE286EC3C300D5005D;
			productRefGroup = 514807B8286EC3C300D5005D /* Products */;
			projectDirPath = "";
			projectRoot = "";
			targets = (
				514807B6286EC3C300D5005D /* FlaskPractice */,
				514807CC286EC3C400D5005D /* FlaskPracticeTests */,
				514807D6286EC3C400D5005D /* FlaskPracticeUITests */,
			);
		};
/* End PBXProject section */

/* Begin PBXResourcesBuildPhase section */
		514807B5286EC3C300D5005D /* Resources */ = {
			isa = PBXResourcesBuildPhase;
			buildActionMask = 2147483647;
			files = (
				514FF9132881712F0032D5D5 /* t3.png in Resources */,
				514FF90C2881712F0032D5D5 /* t1.png in Resources */,
				51AD36EA28CF563A004BE208 /* backgroundDeco.png in Resources */,
				51AD36E428CF5178004BE208 /* background.png in Resources */,
				514FF90D2881712F0032D5D5 /* t2.png in Resources */,
				514FF90E2881712F0032D5D5 /* s1.png in Resources */,
				514807C7286EC3C400D5005D /* LaunchScreen.storyboard in Resources */,
				514807C4286EC3C400D5005D /* Assets.xcassets in Resources */,
				514FF9112881712F0032D5D5 /* b2.png in Resources */,
				514FF9122881712F0032D5D5 /* b1.png in Resources */,
				514FF90B2881712F0032D5D5 /* b3.png in Resources */,
				514FF9102881712F0032D5D5 /* s2.png in Resources */,
				514807C2286EC3C300D5005D /* Main.storyboard in Resources */,
				514FF90F2881712F0032D5D5 /* s3.png in Resources */,
			);
			runOnlyForDeploymentPostprocessing = 0;
		};
		514807CB286EC3C400D5005D /* Resources */ = {
			isa = PBXResourcesBuildPhase;
			buildActionMask = 2147483647;
			files = (
			);
			runOnlyForDeploymentPostprocessing = 0;
		};
		514807D5286EC3C400D5005D /* Resources */ = {
			isa = PBXResourcesBuildPhase;
			buildActionMask = 2147483647;
			files = (
			);
			runOnlyForDeploymentPostprocessing = 0;
		};
/* End PBXResourcesBuildPhase section */

/* Begin PBXShellScriptBuildPhase section */
		029F20914BD8268B2C0BD813 /* [CP] Embed Pods Frameworks */ = {
			isa = PBXShellScriptBuildPhase;
			buildActionMask = 2147483647;
			files = (
			);
			inputFileListPaths = (
				"${PODS_ROOT}/Target Support Files/Pods-FlaskPractice/Pods-FlaskPractice-frameworks-${CONFIGURATION}-input-files.xcfilelist",
			);
			name = "[CP] Embed Pods Frameworks";
			outputFileListPaths = (
				"${PODS_ROOT}/Target Support Files/Pods-FlaskPractice/Pods-FlaskPractice-frameworks-${CONFIGURATION}-output-files.xcfilelist",
			);
			runOnlyForDeploymentPostprocessing = 0;
			shellPath = /bin/sh;
			shellScript = "\"${PODS_ROOT}/Target Support Files/Pods-FlaskPractice/Pods-FlaskPractice-frameworks.sh\"\n";
			showEnvVarsInLog = 0;
		};
		33FF30E0A1734640AD1C4F08 /* [CP] Check Pods Manifest.lock */ = {
			isa = PBXShellScriptBuildPhase;
			buildActionMask = 2147483647;
			files = (
			);
			inputFileListPaths = (
			);
			inputPaths = (
				"${PODS_PODFILE_DIR_PATH}/Podfile.lock",
				"${PODS_ROOT}/Manifest.lock",
			);
			name = "[CP] Check Pods Manifest.lock";
			outputFileListPaths = (
			);
			outputPaths = (
				"$(DERIVED_FILE_DIR)/Pods-FlaskPractice-FlaskPracticeUITests-checkManifestLockResult.txt",
			);
			runOnlyForDeploymentPostprocessing = 0;
			shellPath = /bin/sh;
			shellScript = "diff \"${PODS_PODFILE_DIR_PATH}/Podfile.lock\" \"${PODS_ROOT}/Manifest.lock\" > /dev/null\nif [ $? != 0 ] ; then\n    # print error to STDERR\n    echo \"error: The sandbox is not in sync with the Podfile.lock. Run 'pod install' or update your CocoaPods installation.\" >&2\n    exit 1\nfi\n# This output is used by Xcode 'outputs' to avoid re-running this script phase.\necho \"SUCCESS\" > \"${SCRIPT_OUTPUT_FILE_0}\"\n";
			showEnvVarsInLog = 0;
		};
		76808B30C496F5D5808927CA /* [CP] Check Pods Manifest.lock */ = {
			isa = PBXShellScriptBuildPhase;
			buildActionMask = 2147483647;
			files = (
			);
			inputFileListPaths = (
			);
			inputPaths = (
				"${PODS_PODFILE_DIR_PATH}/Podfile.lock",
				"${PODS_ROOT}/Manifest.lock",
			);
			name = "[CP] Check Pods Manifest.lock";
			outputFileListPaths = (
			);
			outputPaths = (
				"$(DERIVED_FILE_DIR)/Pods-FlaskPracticeTests-checkManifestLockResult.txt",
			);
			runOnlyForDeploymentPostprocessing = 0;
			shellPath = /bin/sh;
			shellScript = "diff \"${PODS_PODFILE_DIR_PATH}/Podfile.lock\" \"${PODS_ROOT}/Manifest.lock\" > /dev/null\nif [ $? != 0 ] ; then\n    # print error to STDERR\n    echo \"error: The sandbox is not in sync with the Podfile.lock. Run 'pod install' or update your CocoaPods installation.\" >&2\n    exit 1\nfi\n# This output is used by Xcode 'outputs' to avoid re-running this script phase.\necho \"SUCCESS\" > \"${SCRIPT_OUTPUT_FILE_0}\"\n";
			showEnvVarsInLog = 0;
		};
		866C7711762FEBA5CE2397EE /* [CP] Check Pods Manifest.lock */ = {
			isa = PBXShellScriptBuildPhase;
			buildActionMask = 2147483647;
			files = (
			);
			inputFileListPaths = (
			);
			inputPaths = (
				"${PODS_PODFILE_DIR_PATH}/Podfile.lock",
				"${PODS_ROOT}/Manifest.lock",
			);
			name = "[CP] Check Pods Manifest.lock";
			outputFileListPaths = (
			);
			outputPaths = (
				"$(DERIVED_FILE_DIR)/Pods-FlaskPractice-checkManifestLockResult.txt",
			);
			runOnlyForDeploymentPostprocessing = 0;
			shellPath = /bin/sh;
			shellScript = "diff \"${PODS_PODFILE_DIR_PATH}/Podfile.lock\" \"${PODS_ROOT}/Manifest.lock\" > /dev/null\nif [ $? != 0 ] ; then\n    # print error to STDERR\n    echo \"error: The sandbox is not in sync with the Podfile.lock. Run 'pod install' or update your CocoaPods installation.\" >&2\n    exit 1\nfi\n# This output is used by Xcode 'outputs' to avoid re-running this script phase.\necho \"SUCCESS\" > \"${SCRIPT_OUTPUT_FILE_0}\"\n";
			showEnvVarsInLog = 0;
		};
		9F53ED0C1CE28533D83A89A0 /* [CP] Embed Pods Frameworks */ = {
			isa = PBXShellScriptBuildPhase;
			buildActionMask = 2147483647;
			files = (
			);
			inputFileListPaths = (
				"${PODS_ROOT}/Target Support Files/Pods-FlaskPractice-FlaskPracticeUITests/Pods-FlaskPractice-FlaskPracticeUITests-frameworks-${CONFIGURATION}-input-files.xcfilelist",
			);
			name = "[CP] Embed Pods Frameworks";
			outputFileListPaths = (
				"${PODS_ROOT}/Target Support Files/Pods-FlaskPractice-FlaskPracticeUITests/Pods-FlaskPractice-FlaskPracticeUITests-frameworks-${CONFIGURATION}-output-files.xcfilelist",
			);
			runOnlyForDeploymentPostprocessing = 0;
			shellPath = /bin/sh;
			shellScript = "\"${PODS_ROOT}/Target Support Files/Pods-FlaskPractice-FlaskPracticeUITests/Pods-FlaskPractice-FlaskPracticeUITests-frameworks.sh\"\n";
			showEnvVarsInLog = 0;
		};
/* End PBXShellScriptBuildPhase section */

/* Begin PBXSourcesBuildPhase section */
		514807B3286EC3C300D5005D /* Sources */ = {
			isa = PBXSourcesBuildPhase;
			buildActionMask = 2147483647;
			files = (
				514807BF286EC3C300D5005D /* ViewController.swift in Sources */,
				513CDB7C28BB4D400009ABDC /* ViewControllerResult.swift in Sources */,
				514807BB286EC3C300D5005D /* AppDelegate.swift in Sources */,
				513CDB7628BB4C600009ABDC /* ViewControllerTopSelect.swift in Sources */,
				514807BD286EC3C300D5005D /* SceneDelegate.swift in Sources */,
			);
			runOnlyForDeploymentPostprocessing = 0;
		};
		514807C9286EC3C400D5005D /* Sources */ = {
			isa = PBXSourcesBuildPhase;
			buildActionMask = 2147483647;
			files = (
				514807D2286EC3C400D5005D /* FlaskPracticeTests.swift in Sources */,
			);
			runOnlyForDeploymentPostprocessing = 0;
		};
		514807D3286EC3C400D5005D /* Sources */ = {
			isa = PBXSourcesBuildPhase;
			buildActionMask = 2147483647;
			files = (
				514807DC286EC3C400D5005D /* FlaskPracticeUITests.swift in Sources */,
				514807DE286EC3C400D5005D /* FlaskPracticeUITestsLaunchTests.swift in Sources */,
			);
			runOnlyForDeploymentPostprocessing = 0;
		};
/* End PBXSourcesBuildPhase section */

/* Begin PBXTargetDependency section */
		514807CF286EC3C400D5005D /* PBXTargetDependency */ = {
			isa = PBXTargetDependency;
			target = 514807B6286EC3C300D5005D /* FlaskPractice */;
			targetProxy = 514807CE286EC3C400D5005D /* PBXContainerItemProxy */;
		};
		514807D9286EC3C400D5005D /* PBXTargetDependency */ = {
			isa = PBXTargetDependency;
			target = 514807B6286EC3C300D5005D /* FlaskPractice */;
			targetProxy = 514807D8286EC3C400D5005D /* PBXContainerItemProxy */;
		};
/* End PBXTargetDependency section */

/* Begin PBXVariantGroup section */
		514807C0286EC3C300D5005D /* Main.storyboard */ = {
			isa = PBXVariantGroup;
			children = (
				514807C1286EC3C300D5005D /* Base */,
			);
			name = Main.storyboard;
			sourceTree = "<group>";
		};
		514807C5286EC3C400D5005D /* LaunchScreen.storyboard */ = {
			isa = PBXVariantGroup;
			children = (
				514807C6286EC3C400D5005D /* Base */,
			);
			name = LaunchScreen.storyboard;
			sourceTree = "<group>";
		};
/* End PBXVariantGroup section */

/* Begin XCBuildConfiguration section */
		514807DF286EC3C400D5005D /* Debug */ = {
			isa = XCBuildConfiguration;
			buildSettings = {
				ALWAYS_SEARCH_USER_PATHS = NO;
				CLANG_ANALYZER_NONNULL = YES;
				CLANG_ANALYZER_NUMBER_OBJECT_CONVERSION = YES_AGGRESSIVE;
				CLANG_CXX_LANGUAGE_STANDARD = "gnu++17";
				CLANG_ENABLE_MODULES = YES;
				CLANG_ENABLE_OBJC_ARC = YES;
				CLANG_ENABLE_OBJC_WEAK = YES;
				CLANG_WARN_BLOCK_CAPTURE_AUTORELEASING = YES;
				CLANG_WARN_BOOL_CONVERSION = YES;
				CLANG_WARN_COMMA = YES;
				CLANG_WARN_CONSTANT_CONVERSION = YES;
				CLANG_WARN_DEPRECATED_OBJC_IMPLEMENTATIONS = YES;
				CLANG_WARN_DIRECT_OBJC_ISA_USAGE = YES_ERROR;
				CLANG_WARN_DOCUMENTATION_COMMENTS = YES;
				CLANG_WARN_EMPTY_BODY = YES;
				CLANG_WARN_ENUM_CONVERSION = YES;
				CLANG_WARN_INFINITE_RECURSION = YES;
				CLANG_WARN_INT_CONVERSION = YES;
				CLANG_WARN_NON_LITERAL_NULL_CONVERSION = YES;
				CLANG_WARN_OBJC_IMPLICIT_RETAIN_SELF = YES;
				CLANG_WARN_OBJC_LITERAL_CONVERSION = YES;
				CLANG_WARN_OBJC_ROOT_CLASS = YES_ERROR;
				CLANG_WARN_QUOTED_INCLUDE_IN_FRAMEWORK_HEADER = YES;
				CLANG_WARN_RANGE_LOOP_ANALYSIS = YES;
				CLANG_WARN_STRICT_PROTOTYPES = YES;
				CLANG_WARN_SUSPICIOUS_MOVE = YES;
				CLANG_WARN_UNGUARDED_AVAILABILITY = YES_AGGRESSIVE;
				CLANG_WARN_UNREACHABLE_CODE = YES;
				CLANG_WARN__DUPLICATE_METHOD_MATCH = YES;
				COPY_PHASE_STRIP = NO;
				DEBUG_INFORMATION_FORMAT = dwarf;
				ENABLE_STRICT_OBJC_MSGSEND = YES;
				ENABLE_TESTABILITY = YES;
				GCC_C_LANGUAGE_STANDARD = gnu11;
				GCC_DYNAMIC_NO_PIC = NO;
				GCC_NO_COMMON_BLOCKS = YES;
				GCC_OPTIMIZATION_LEVEL = 0;
				GCC_PREPROCESSOR_DEFINITIONS = (
					"DEBUG=1",
					"$(inherited)",
				);
				GCC_WARN_64_TO_32_BIT_CONVERSION = YES;
				GCC_WARN_ABOUT_RETURN_TYPE = YES_ERROR;
				GCC_WARN_UNDECLARED_SELECTOR = YES;
				GCC_WARN_UNINITIALIZED_AUTOS = YES_AGGRESSIVE;
				GCC_WARN_UNUSED_FUNCTION = YES;
				GCC_WARN_UNUSED_VARIABLE = YES;
				IPHONEOS_DEPLOYMENT_TARGET = 15.5;
				MTL_ENABLE_DEBUG_INFO = INCLUDE_SOURCE;
				MTL_FAST_MATH = YES;
				ONLY_ACTIVE_ARCH = YES;
				SDKROOT = iphoneos;
				SWIFT_ACTIVE_COMPILATION_CONDITIONS = DEBUG;
				SWIFT_OPTIMIZATION_LEVEL = "-Onone";
			};
			name = Debug;
		};
		514807E0286EC3C400D5005D /* Release */ = {
			isa = XCBuildConfiguration;
			buildSettings = {
				ALWAYS_SEARCH_USER_PATHS = NO;
				CLANG_ANALYZER_NONNULL = YES;
				CLANG_ANALYZER_NUMBER_OBJECT_CONVERSION = YES_AGGRESSIVE;
				CLANG_CXX_LANGUAGE_STANDARD = "gnu++17";
				CLANG_ENABLE_MODULES = YES;
				CLANG_ENABLE_OBJC_ARC = YES;
				CLANG_ENABLE_OBJC_WEAK = YES;
				CLANG_WARN_BLOCK_CAPTURE_AUTORELEASING = YES;
				CLANG_WARN_BOOL_CONVERSION = YES;
				CLANG_WARN_COMMA = YES;
				CLANG_WARN_CONSTANT_CONVERSION = YES;
				CLANG_WARN_DEPRECATED_OBJC_IMPLEMENTATIONS = YES;
				CLANG_WARN_DIRECT_OBJC_ISA_USAGE = YES_ERROR;
				CLANG_WARN_DOCUMENTATION_COMMENTS = YES;
				CLANG_WARN_EMPTY_BODY = YES;
				CLANG_WARN_ENUM_CONVERSION = YES;
				CLANG_WARN_INFINITE_RECURSION = YES;
				CLANG_WARN_INT_CONVERSION = YES;
				CLANG_WARN_NON_LITERAL_NULL_CONVERSION = YES;
				CLANG_WARN_OBJC_IMPLICIT_RETAIN_SELF = YES;
				CLANG_WARN_OBJC_LITERAL_CONVERSION = YES;
				CLANG_WARN_OBJC_ROOT_CLASS = YES_ERROR;
				CLANG_WARN_QUOTED_INCLUDE_IN_FRAMEWORK_HEADER = YES;
				CLANG_WARN_RANGE_LOOP_ANALYSIS = YES;
				CLANG_WARN_STRICT_PROTOTYPES = YES;
				CLANG_WARN_SUSPICIOUS_MOVE = YES;
				CLANG_WARN_UNGUARDED_AVAILABILITY = YES_AGGRESSIVE;
				CLANG_WARN_UNREACHABLE_CODE = YES;
				CLANG_WARN__DUPLICATE_METHOD_MATCH = YES;
				COPY_PHASE_STRIP = NO;
				DEBUG_INFORMATION_FORMAT = "dwarf-with-dsym";
				ENABLE_NS_ASSERTIONS = NO;
				ENABLE_STRICT_OBJC_MSGSEND = YES;
				GCC_C_LANGUAGE_STANDARD = gnu11;
				GCC_NO_COMMON_BLOCKS = YES;
				GCC_WARN_64_TO_32_BIT_CONVERSION = YES;
				GCC_WARN_ABOUT_RETURN_TYPE = YES_ERROR;
				GCC_WARN_UNDECLARED_SELECTOR = YES;
				GCC_WARN_UNINITIALIZED_AUTOS = YES_AGGRESSIVE;
				GCC_WARN_UNUSED_FUNCTION = YES;
				GCC_WARN_UNUSED_VARIABLE = YES;
				IPHONEOS_DEPLOYMENT_TARGET = 15.5;
				MTL_ENABLE_DEBUG_INFO = NO;
				MTL_FAST_MATH = YES;
				SDKROOT = iphoneos;
				SWIFT_COMPILATION_MODE = wholemodule;
				SWIFT_OPTIMIZATION_LEVEL = "-O";
				VALIDATE_PRODUCT = YES;
			};
			name = Release;
		};
		514807E2286EC3C400D5005D /* Debug */ = {
			isa = XCBuildConfiguration;
			baseConfigurationReference = 3E727F90A982CF7983036EDD /* Pods-FlaskPractice.debug.xcconfig */;
			buildSettings = {
				ASSETCATALOG_COMPILER_APPICON_NAME = AppIcon;
				ASSETCATALOG_COMPILER_GLOBAL_ACCENT_COLOR_NAME = AccentColor;
				CODE_SIGN_STYLE = Automatic;
				CURRENT_PROJECT_VERSION = 1;
				GENERATE_INFOPLIST_FILE = YES;
				INFOPLIST_FILE = FlaskPractice/Info.plist;
				INFOPLIST_KEY_CFBundleDisplayName = Recommender;
				INFOPLIST_KEY_UIApplicationSupportsIndirectInputEvents = YES;
				INFOPLIST_KEY_UILaunchStoryboardName = LaunchScreen;
				INFOPLIST_KEY_UIMainStoryboardFile = Main;
				INFOPLIST_KEY_UISupportedInterfaceOrientations = "";
				INFOPLIST_KEY_UISupportedInterfaceOrientations_iPad = "UIInterfaceOrientationPortrait UIInterfaceOrientationPortraitUpsideDown UIInterfaceOrientationLandscapeLeft UIInterfaceOrientationLandscapeRight";
				INFOPLIST_KEY_UISupportedInterfaceOrientations_iPhone = "UIInterfaceOrientationPortrait UIInterfaceOrientationLandscapeLeft UIInterfaceOrientationLandscapeRight";
				LD_RUNPATH_SEARCH_PATHS = (
					"$(inherited)",
					"@executable_path/Frameworks",
				);
				MARKETING_VERSION = 1.0;
				PRODUCT_BUNDLE_IDENTIFIER = net.ju.FlaskPractice;
				PRODUCT_NAME = "$(TARGET_NAME)";
				SWIFT_EMIT_LOC_STRINGS = YES;
				SWIFT_VERSION = 5.0;
				TARGETED_DEVICE_FAMILY = 1;
			};
			name = Debug;
		};
		514807E3286EC3C400D5005D /* Release */ = {
			isa = XCBuildConfiguration;
			baseConfigurationReference = 3359FBF778A82E76C756C23B /* Pods-FlaskPractice.release.xcconfig */;
			buildSettings = {
				ASSETCATALOG_COMPILER_APPICON_NAME = AppIcon;
				ASSETCATALOG_COMPILER_GLOBAL_ACCENT_COLOR_NAME = AccentColor;
				CODE_SIGN_STYLE = Automatic;
				CURRENT_PROJECT_VERSION = 1;
				GENERATE_INFOPLIST_FILE = YES;
				INFOPLIST_FILE = FlaskPractice/Info.plist;
				INFOPLIST_KEY_CFBundleDisplayName = Recommender;
				INFOPLIST_KEY_UIApplicationSupportsIndirectInputEvents = YES;
				INFOPLIST_KEY_UILaunchStoryboardName = LaunchScreen;
				INFOPLIST_KEY_UIMainStoryboardFile = Main;
				INFOPLIST_KEY_UISupportedInterfaceOrientations = "";
				INFOPLIST_KEY_UISupportedInterfaceOrientations_iPad = "UIInterfaceOrientationPortrait UIInterfaceOrientationPortraitUpsideDown UIInterfaceOrientationLandscapeLeft UIInterfaceOrientationLandscapeRight";
				INFOPLIST_KEY_UISupportedInterfaceOrientations_iPhone = "UIInterfaceOrientationPortrait UIInterfaceOrientationLandscapeLeft UIInterfaceOrientationLandscapeRight";
				LD_RUNPATH_SEARCH_PATHS = (
					"$(inherited)",
					"@executable_path/Frameworks",
				);
				MARKETING_VERSION = 1.0;
				PRODUCT_BUNDLE_IDENTIFIER = net.ju.FlaskPractice;
				PRODUCT_NAME = "$(TARGET_NAME)";
				SWIFT_EMIT_LOC_STRINGS = YES;
				SWIFT_VERSION = 5.0;
				TARGETED_DEVICE_FAMILY = 1;
			};
			name = Release;
		};
		514807E5286EC3C400D5005D /* Debug */ = {
			isa = XCBuildConfiguration;
			baseConfigurationReference = 5D8707AC3695F3A3E0885DE1 /* Pods-FlaskPracticeTests.debug.xcconfig */;
			buildSettings = {
				ALWAYS_EMBED_SWIFT_STANDARD_LIBRARIES = YES;
				BUNDLE_LOADER = "$(TEST_HOST)";
				CODE_SIGN_STYLE = Automatic;
				CURRENT_PROJECT_VERSION = 1;
				GENERATE_INFOPLIST_FILE = YES;
				IPHONEOS_DEPLOYMENT_TARGET = 15.5;
				MARKETING_VERSION = 1.0;
				PRODUCT_BUNDLE_IDENTIFIER = net.ju.FlaskPracticeTests;
				PRODUCT_NAME = "$(TARGET_NAME)";
				SWIFT_EMIT_LOC_STRINGS = NO;
				SWIFT_VERSION = 5.0;
				TARGETED_DEVICE_FAMILY = "1,2";
				TEST_HOST = "$(BUILT_PRODUCTS_DIR)/FlaskPractice.app/FlaskPractice";
			};
			name = Debug;
		};
		514807E6286EC3C400D5005D /* Release */ = {
			isa = XCBuildConfiguration;
			baseConfigurationReference = 13C6CC0E8C59C64D113E77E8 /* Pods-FlaskPracticeTests.release.xcconfig */;
			buildSettings = {
				ALWAYS_EMBED_SWIFT_STANDARD_LIBRARIES = YES;
				BUNDLE_LOADER = "$(TEST_HOST)";
				CODE_SIGN_STYLE = Automatic;
				CURRENT_PROJECT_VERSION = 1;
				GENERATE_INFOPLIST_FILE = YES;
				IPHONEOS_DEPLOYMENT_TARGET = 15.5;
				MARKETING_VERSION = 1.0;
				PRODUCT_BUNDLE_IDENTIFIER = net.ju.FlaskPracticeTests;
				PRODUCT_NAME = "$(TARGET_NAME)";
				SWIFT_EMIT_LOC_STRINGS = NO;
				SWIFT_VERSION = 5.0;
				TARGETED_DEVICE_FAMILY = "1,2";
				TEST_HOST = "$(BUILT_PRODUCTS_DIR)/FlaskPractice.app/FlaskPractice";
			};
			name = Release;
		};
		514807E8286EC3C400D5005D /* Debug */ = {
			isa = XCBuildConfiguration;
			baseConfigurationReference = EB505B506EFF7186506D215C /* Pods-FlaskPractice-FlaskPracticeUITests.debug.xcconfig */;
			buildSettings = {
				ALWAYS_EMBED_SWIFT_STANDARD_LIBRARIES = YES;
				CODE_SIGN_STYLE = Automatic;
				CURRENT_PROJECT_VERSION = 1;
				GENERATE_INFOPLIST_FILE = YES;
				MARKETING_VERSION = 1.0;
				PRODUCT_BUNDLE_IDENTIFIER = net.ju.FlaskPracticeUITests;
				PRODUCT_NAME = "$(TARGET_NAME)";
				SWIFT_EMIT_LOC_STRINGS = NO;
				SWIFT_VERSION = 5.0;
				TARGETED_DEVICE_FAMILY = "1,2";
				TEST_TARGET_NAME = FlaskPractice;
			};
			name = Debug;
		};
		514807E9286EC3C400D5005D /* Release */ = {
			isa = XCBuildConfiguration;
			baseConfigurationReference = 3A962CEC97234DB751AB6720 /* Pods-FlaskPractice-FlaskPracticeUITests.release.xcconfig */;
			buildSettings = {
				ALWAYS_EMBED_SWIFT_STANDARD_LIBRARIES = YES;
				CODE_SIGN_STYLE = Automatic;
				CURRENT_PROJECT_VERSION = 1;
				GENERATE_INFOPLIST_FILE = YES;
				MARKETING_VERSION = 1.0;
				PRODUCT_BUNDLE_IDENTIFIER = net.ju.FlaskPracticeUITests;
				PRODUCT_NAME = "$(TARGET_NAME)";
				SWIFT_EMIT_LOC_STRINGS = NO;
				SWIFT_VERSION = 5.0;
				TARGETED_DEVICE_FAMILY = "1,2";
				TEST_TARGET_NAME = FlaskPractice;
			};
			name = Release;
		};
/* End XCBuildConfiguration section */

/* Begin XCConfigurationList section */
		514807B2286EC3C300D5005D /* Build configuration list for PBXProject "FlaskPractice" */ = {
			isa = XCConfigurationList;
			buildConfigurations = (
				514807DF286EC3C400D5005D /* Debug */,
				514807E0286EC3C400D5005D /* Release */,
			);
			defaultConfigurationIsVisible = 0;
			defaultConfigurationName = Release;
		};
		514807E1286EC3C400D5005D /* Build configuration list for PBXNativeTarget "FlaskPractice" */ = {
			isa = XCConfigurationList;
			buildConfigurations = (
				514807E2286EC3C400D5005D /* Debug */,
				514807E3286EC3C400D5005D /* Release */,
			);
			defaultConfigurationIsVisible = 0;
			defaultConfigurationName = Release;
		};
		514807E4286EC3C400D5005D /* Build configuration list for PBXNativeTarget "FlaskPracticeTests" */ = {
			isa = XCConfigurationList;
			buildConfigurations = (
				514807E5286EC3C400D5005D /* Debug */,
				514807E6286EC3C400D5005D /* Release */,
			);
			defaultConfigurationIsVisible = 0;
			defaultConfigurationName = Release;
		};
		514807E7286EC3C400D5005D /* Build configuration list for PBXNativeTarget "FlaskPracticeUITests" */ = {
			isa = XCConfigurationList;
			buildConfigurations = (
				514807E8286EC3C400D5005D /* Debug */,
				514807E9286EC3C400D5005D /* Release */,
			);
			defaultConfigurationIsVisible = 0;
			defaultConfigurationName = Release;
		};
/* End XCConfigurationList section */
	};
	rootObject = 514807AF286EC3C300D5005D /* Project object */;
}
